
Microsoft Visual Studio Solution File, Format Version 12.00
# Visual Studio 14
VisualStudioVersion = 14.0.25420.1
MinimumVisualStudioVersion = 10.0.40219.1
Project("{2150E333-8FDC-42A3-9474-1A3956D46DE8}") = "00.Utils", "00.Utils", "{AC996826-9377-4A66-AB37-3AC7B7A49344}"
EndProject
Project("{2150E333-8FDC-42A3-9474-1A3956D46DE8}") = "09.UniteTest", "09.UniteTest", "{02D16A20-C528-470E-9ACC-23384FD42695}"
EndProject
Project("{2150E333-8FDC-42A3-9474-1A3956D46DE8}") = "02.Component", "02.Component", "{234D0939-22C1-4B9E-A548-6E459DA4DDED}"
EndProject
Project("{2150E333-8FDC-42A3-9474-1A3956D46DE8}") = "08.Jst.Tools", "08.Jst.Tools", "{8D431270-D378-447D-9561-16F6EFFEAB8E}"
EndProject
Project("{2150E333-8FDC-42A3-9474-1A3956D46DE8}") = "01.Core", "01.Core", "{505E1930-1266-4EFC-8E9A-E08B2054C612}"
EndProject
Project("{2150E333-8FDC-42A3-9474-1A3956D46DE8}") = "03.WebUtils", "03.WebUtils", "{8FE000AE-EA59-4245-9FFB-9F8835538ADA}"
EndProject
Project("{2150E333-8FDC-42A3-9474-1A3956D46DE8}") = "05.Web", "05.Web", "{86964FDD-F2AE-47B3-A685-534484F094EF}"
EndProject
Project("{2150E333-8FDC-42A3-9474-1A3956D46DE8}") = "10.Study", "10.Study", "{80BD3F73-BC3E-4613-A555-FA81592BB1EF}"
EndProject
Project("{FAE04EC0-301F-11D3-BF4B-00C04F79EFBC}") = "Jst.Utils", "00.Utils\Jst.Utils\Jst.Utils.csproj", "{4973A7CB-9646-43D6-9E1C-5B480DA8667B}"
EndProject
Project("{FAE04EC0-301F-11D3-BF4B-00C04F79EFBC}") = "Jst.WebUtils", "00.Utils\Jst.WebUtils\Jst.WebUtils.csproj", "{7FA7B58C-0ABC-41BC-BBF8-AC58CE940B2A}"
EndProject
Project("{FAE04EC0-301F-11D3-BF4B-00C04F79EFBC}") = "Jst.Core", "01.Core\Jst.Core\Jst.Core.csproj", "{7B51AACD-816E-432A-B3D3-8011D4BA698E}"
EndProject
Project("{FAE04EC0-301F-11D3-BF4B-00C04F79EFBC}") = "Jst.Core.Mvc", "01.Core\Jst.Core.Mvc\Jst.Core.Mvc.csproj", "{3D632A65-A1FD-44DD-AFF7-1F9568E55D10}"
EndProject
Project("{FAE04EC0-301F-11D3-BF4B-00C04F79EFBC}") = "Jst.Memcache", "02.Component\Jst.Memcache\Jst.Memcache.csproj", "{0DD60DDE-27CE-4C09-AAB3-FB4E6F7A0B2E}"
EndProject
Project("{FAE04EC0-301F-11D3-BF4B-00C04F79EFBC}") = "Jst.Log4net", "02.Component\Jst.Log4net\Jst.Log4net.csproj", "{CD51C98C-D998-43D4-8582-83601A8883B1}"
EndProject
Project("{FAE04EC0-301F-11D3-BF4B-00C04F79EFBC}") = "Log.Test", "09.UniteTest\Log.Test\Log.Test.csproj", "{B555C970-630E-46F0-9435-C9E9E8A660D0}"
EndProject
Project("{FAE04EC0-301F-11D3-BF4B-00C04F79EFBC}") = "Utils.Test", "09.UniteTest\Utils.Test\Utils.Test.csproj", "{AAC661EA-9E22-49EA-B09D-5DDA893D9353}"
EndProject
Project("{FAE04EC0-301F-11D3-BF4B-00C04F79EFBC}") = "Ioc.Test", "09.UniteTest\Ioc.Test\Ioc.Test.csproj", "{A54C9D37-9080-41C7-A608-3FBA9BCD226E}"
EndProject
Project("{FAE04EC0-301F-11D3-BF4B-00C04F79EFBC}") = "Jst.EntityFramework", "02.Component\Jst.EntityFramework\Jst.EntityFramework.csproj", "{F5B47570-9668-45F2-96BA-4258F43EA2DF}"
EndProject
Project("{FAE04EC0-301F-11D3-BF4B-00C04F79EFBC}") = "EfRepository.Test", "09.UniteTest\EfRepository.Test\EfRepository.Test.csproj", "{4C8FAFB3-EBCF-442C-B122-E8848B851DD9}"
EndProject
Project("{FAE04EC0-301F-11D3-BF4B-00C04F79EFBC}") = "AsyncStudy", "10.Study\AsyncStudy\AsyncStudy.csproj", "{52ECE010-761A-4A2A-880D-F20F50A87DFD}"
EndProject
Project("{FAE04EC0-301F-11D3-BF4B-00C04F79EFBC}") = "Uow.Test", "09.UniteTest\Uow.Test\Uow.Test.csproj", "{1401E882-3A6B-4411-A249-13124608E336}"
EndProject
Project("{FAE04EC0-301F-11D3-BF4B-00C04F79EFBC}") = "CallContextStudy", "10.Study\CallContextStudy\CallContextStudy.csproj", "{6987E25B-C394-44E6-9A20-CAFDD9B0C3B6}"
EndProject
Project("{FAE04EC0-301F-11D3-BF4B-00C04F79EFBC}") = "UnitOfWork.Test", "09.UniteTest\UnitOfWork.Test\UnitOfWork.Test.csproj", "{79E5A96E-6114-4062-995B-55F309789344}"
EndProject
Project("{FAE04EC0-301F-11D3-BF4B-00C04F79EFBC}") = "HangfireStudy", "10.Study\HangfireStudy\HangfireStudy.csproj", "{8A2EC14F-2000-4215-9730-3F7141226953}"
EndProject
Project("{FAE04EC0-301F-11D3-BF4B-00C04F79EFBC}") = "OwinStudy", "10.Study\OwinStudy\OwinStudy.csproj", "{6343C695-D8C3-4709-A163-E10D134C7448}"
EndProject
Project("{8BB2217D-0F2D-49D1-97BC-3654ED321F3B}") = "WebApplication1", "10.Study\WebApplication1\WebApplication1.xproj", "{7EEFC4D2-5C83-4E7E-8435-B125FE29EFA8}"
EndProject
Project("{2150E333-8FDC-42A3-9474-1A3956D46DE8}") = "05.01 JurisdictionSystem", "05.01 JurisdictionSystem", "{17EDE14D-2546-415F-AC23-E4DB00E9EA8D}"
EndProject
Project("{FAE04EC0-301F-11D3-BF4B-00C04F79EFBC}") = "Jst.Dapper", "02.Component\Jst.Dapper\Jst.Dapper.csproj", "{C6CBD786-D79A-4CE6-867B-55C8A2F0B733}"
EndProject
Project("{FAE04EC0-301F-11D3-BF4B-00C04F79EFBC}") = "Expression2Sql.Test", "09.UniteTest\Expression2Sql.Test\Expression2Sql.Test.csproj", "{3B872846-86AE-4505-A710-DA7F8D269329}"
EndProject
Project("{FAE04EC0-301F-11D3-BF4B-00C04F79EFBC}") = "Jurisdiction.Application", "05.Web\05.01 JurisdictionSystem\Jurisdiction.Application\Jurisdiction.Application.csproj", "{5873E00E-532F-42BA-B367-7EB6C9A2B32F}"
EndProject
Project("{FAE04EC0-301F-11D3-BF4B-00C04F79EFBC}") = "Jurisdiction.Domain", "05.Web\05.01 JurisdictionSystem\Jurisdiction.Domain\Jurisdiction.Domain.csproj", "{3D85A354-7117-4252-8401-DD25B3F06F03}"
EndProject
Project("{FAE04EC0-301F-11D3-BF4B-00C04F79EFBC}") = "Jurisdiction.Entityframework", "05.Web\05.01 JurisdictionSystem\Jurisdiction.Entityframework\Jurisdiction.Entityframework.csproj", "{45076E7E-7CCD-493B-ADC3-8A5B069CB716}"
EndProject
Project("{FAE04EC0-301F-11D3-BF4B-00C04F79EFBC}") = "Jurisdiction.Mvc", "05.Web\05.01 JurisdictionSystem\Jurisdiction.Mvc\Jurisdiction.Mvc.csproj", "{EAAE7548-CDF7-4DE6-8102-DDB19EB8D698}"
EndProject
Project("{FAE04EC0-301F-11D3-BF4B-00C04F79EFBC}") = "Mvc.Test", "09.UniteTest\Mvc.Test\Mvc.Test.csproj", "{EE0A9F78-F6C1-4EBD-8664-642F7044F50C}"
EndProject
Project("{FAE04EC0-301F-11D3-BF4B-00C04F79EFBC}") = "ObjectMapper.Test", "09.UniteTest\ObjectMapper.Test\ObjectMapper.Test.csproj", "{609CC7F0-91D2-4B85-9A65-6AC3493C55CC}"
EndProject
Project("{FAE04EC0-301F-11D3-BF4B-00C04F79EFBC}") = "JstVisxCodeGenerator", "08.Jst.Tools\JstVisxCodeGenerator\JstVisxCodeGenerator.csproj", "{E6C60437-F55B-4FFC-A001-B85DFFEE9646}"
EndProject
Project("{FAE04EC0-301F-11D3-BF4B-00C04F79EFBC}") = "IdentityStudy", "10.Study\IdentityStudy\IdentityStudy.csproj", "{D2828C0D-7346-40C9-A597-7ADF4C56DFF4}"
EndProject
Global
	GlobalSection(SolutionConfigurationPlatforms) = preSolution
		Debug|Any CPU = Debug|Any CPU
		Release|Any CPU = Release|Any CPU
	EndGlobalSection
	GlobalSection(ProjectConfigurationPlatforms) = postSolution
		{4973A7CB-9646-43D6-9E1C-5B480DA8667B}.Debug|Any CPU.ActiveCfg = Debug|Any CPU
		{4973A7CB-9646-43D6-9E1C-5B480DA8667B}.Debug|Any CPU.Build.0 = Debug|Any CPU
		{4973A7CB-9646-43D6-9E1C-5B480DA8667B}.Release|Any CPU.ActiveCfg = Release|Any CPU
		{4973A7CB-9646-43D6-9E1C-5B480DA8667B}.Release|Any CPU.Build.0 = Release|Any CPU
		{7FA7B58C-0ABC-41BC-BBF8-AC58CE940B2A}.Debug|Any CPU.ActiveCfg = Debug|Any CPU
		{7FA7B58C-0ABC-41BC-BBF8-AC58CE940B2A}.Debug|Any CPU.Build.0 = Debug|Any CPU
		{7FA7B58C-0ABC-41BC-BBF8-AC58CE940B2A}.Release|Any CPU.ActiveCfg = Release|Any CPU
		{7FA7B58C-0ABC-41BC-BBF8-AC58CE940B2A}.Release|Any CPU.Build.0 = Release|Any CPU
		{7B51AACD-816E-432A-B3D3-8011D4BA698E}.Debug|Any CPU.ActiveCfg = Debug|Any CPU
		{7B51AACD-816E-432A-B3D3-8011D4BA698E}.Debug|Any CPU.Build.0 = Debug|Any CPU
		{7B51AACD-816E-432A-B3D3-8011D4BA698E}.Release|Any CPU.ActiveCfg = Release|Any CPU
		{7B51AACD-816E-432A-B3D3-8011D4BA698E}.Release|Any CPU.Build.0 = Release|Any CPU
		{3D632A65-A1FD-44DD-AFF7-1F9568E55D10}.Debug|Any CPU.ActiveCfg = Debug|Any CPU
		{3D632A65-A1FD-44DD-AFF7-1F9568E55D10}.Debug|Any CPU.Build.0 = Debug|Any CPU
		{3D632A65-A1FD-44DD-AFF7-1F9568E55D10}.Release|Any CPU.ActiveCfg = Release|Any CPU
		{3D632A65-A1FD-44DD-AFF7-1F9568E55D10}.Release|Any CPU.Build.0 = Release|Any CPU
		{0DD60DDE-27CE-4C09-AAB3-FB4E6F7A0B2E}.Debug|Any CPU.ActiveCfg = Debug|Any CPU
		{0DD60DDE-27CE-4C09-AAB3-FB4E6F7A0B2E}.Debug|Any CPU.Build.0 = Debug|Any CPU
		{0DD60DDE-27CE-4C09-AAB3-FB4E6F7A0B2E}.Release|Any CPU.ActiveCfg = Release|Any CPU
		{0DD60DDE-27CE-4C09-AAB3-FB4E6F7A0B2E}.Release|Any CPU.Build.0 = Release|Any CPU
		{CD51C98C-D998-43D4-8582-83601A8883B1}.Debug|Any CPU.ActiveCfg = Debug|Any CPU
		{CD51C98C-D998-43D4-8582-83601A8883B1}.Debug|Any CPU.Build.0 = Debug|Any CPU
		{CD51C98C-D998-43D4-8582-83601A8883B1}.Release|Any CPU.ActiveCfg = Release|Any CPU
		{CD51C98C-D998-43D4-8582-83601A8883B1}.Release|Any CPU.Build.0 = Release|Any CPU
		{B555C970-630E-46F0-9435-C9E9E8A660D0}.Debug|Any CPU.ActiveCfg = Debug|Any CPU
		{B555C970-630E-46F0-9435-C9E9E8A660D0}.Debug|Any CPU.Build.0 = Debug|Any CPU
		{B555C970-630E-46F0-9435-C9E9E8A660D0}.Release|Any CPU.ActiveCfg = Release|Any CPU
		{B555C970-630E-46F0-9435-C9E9E8A660D0}.Release|Any CPU.Build.0 = Release|Any CPU
		{AAC661EA-9E22-49EA-B09D-5DDA893D9353}.Debug|Any CPU.ActiveCfg = Debug|Any CPU
		{AAC661EA-9E22-49EA-B09D-5DDA893D9353}.Debug|Any CPU.Build.0 = Debug|Any CPU
		{AAC661EA-9E22-49EA-B09D-5DDA893D9353}.Release|Any CPU.ActiveCfg = Release|Any CPU
		{AAC661EA-9E22-49EA-B09D-5DDA893D9353}.Release|Any CPU.Build.0 = Release|Any CPU
		{A54C9D37-9080-41C7-A608-3FBA9BCD226E}.Debug|Any CPU.ActiveCfg = Debug|Any CPU
		{A54C9D37-9080-41C7-A608-3FBA9BCD226E}.Debug|Any CPU.Build.0 = Debug|Any CPU
		{A54C9D37-9080-41C7-A608-3FBA9BCD226E}.Release|Any CPU.ActiveCfg = Release|Any CPU
		{A54C9D37-9080-41C7-A608-3FBA9BCD226E}.Release|Any CPU.Build.0 = Release|Any CPU
		{F5B47570-9668-45F2-96BA-4258F43EA2DF}.Debug|Any CPU.ActiveCfg = Debug|Any CPU
		{F5B47570-9668-45F2-96BA-4258F43EA2DF}.Debug|Any CPU.Build.0 = Debug|Any CPU
		{F5B47570-9668-45F2-96BA-4258F43EA2DF}.Release|Any CPU.ActiveCfg = Release|Any CPU
		{F5B47570-9668-45F2-96BA-4258F43EA2DF}.Release|Any CPU.Build.0 = Release|Any CPU
		{4C8FAFB3-EBCF-442C-B122-E8848B851DD9}.Debug|Any CPU.ActiveCfg = Debug|Any CPU
		{4C8FAFB3-EBCF-442C-B122-E8848B851DD9}.Debug|Any CPU.Build.0 = Debug|Any CPU
		{4C8FAFB3-EBCF-442C-B122-E8848B851DD9}.Release|Any CPU.ActiveCfg = Release|Any CPU
		{4C8FAFB3-EBCF-442C-B122-E8848B851DD9}.Release|Any CPU.Build.0 = Release|Any CPU
		{52ECE010-761A-4A2A-880D-F20F50A87DFD}.Debug|Any CPU.ActiveCfg = Debug|Any CPU
		{52ECE010-761A-4A2A-880D-F20F50A87DFD}.Debug|Any CPU.Build.0 = Debug|Any CPU
		{52ECE010-761A-4A2A-880D-F20F50A87DFD}.Release|Any CPU.ActiveCfg = Release|Any CPU
		{52ECE010-761A-4A2A-880D-F20F50A87DFD}.Release|Any CPU.Build.0 = Release|Any CPU
		{1401E882-3A6B-4411-A249-13124608E336}.Debug|Any CPU.ActiveCfg = Debug|Any CPU
		{1401E882-3A6B-4411-A249-13124608E336}.Debug|Any CPU.Build.0 = Debug|Any CPU
		{1401E882-3A6B-4411-A249-13124608E336}.Release|Any CPU.ActiveCfg = Release|Any CPU
		{1401E882-3A6B-4411-A249-13124608E336}.Release|Any CPU.Build.0 = Release|Any CPU
		{6987E25B-C394-44E6-9A20-CAFDD9B0C3B6}.Debug|Any CPU.ActiveCfg = Debug|Any CPU
		{6987E25B-C394-44E6-9A20-CAFDD9B0C3B6}.Debug|Any CPU.Build.0 = Debug|Any CPU
		{6987E25B-C394-44E6-9A20-CAFDD9B0C3B6}.Release|Any CPU.ActiveCfg = Release|Any CPU
		{6987E25B-C394-44E6-9A20-CAFDD9B0C3B6}.Release|Any CPU.Build.0 = Release|Any CPU
		{79E5A96E-6114-4062-995B-55F309789344}.Debug|Any CPU.ActiveCfg = Debug|Any CPU
		{79E5A96E-6114-4062-995B-55F309789344}.Debug|Any CPU.Build.0 = Debug|Any CPU
		{79E5A96E-6114-4062-995B-55F309789344}.Release|Any CPU.ActiveCfg = Release|Any CPU
		{79E5A96E-6114-4062-995B-55F309789344}.Release|Any CPU.Build.0 = Release|Any CPU
		{8A2EC14F-2000-4215-9730-3F7141226953}.Debug|Any CPU.ActiveCfg = Debug|Any CPU
		{8A2EC14F-2000-4215-9730-3F7141226953}.Debug|Any CPU.Build.0 = Debug|Any CPU
		{8A2EC14F-2000-4215-9730-3F7141226953}.Release|Any CPU.ActiveCfg = Release|Any CPU
		{8A2EC14F-2000-4215-9730-3F7141226953}.Release|Any CPU.Build.0 = Release|Any CPU
		{6343C695-D8C3-4709-A163-E10D134C7448}.Debug|Any CPU.ActiveCfg = Debug|Any CPU
		{6343C695-D8C3-4709-A163-E10D134C7448}.Debug|Any CPU.Build.0 = Debug|Any CPU
		{6343C695-D8C3-4709-A163-E10D134C7448}.Release|Any CPU.ActiveCfg = Release|Any CPU
		{6343C695-D8C3-4709-A163-E10D134C7448}.Release|Any CPU.Build.0 = Release|Any CPU
		{7EEFC4D2-5C83-4E7E-8435-B125FE29EFA8}.Debug|Any CPU.ActiveCfg = Debug|Any CPU
		{7EEFC4D2-5C83-4E7E-8435-B125FE29EFA8}.Debug|Any CPU.Build.0 = Debug|Any CPU
		{7EEFC4D2-5C83-4E7E-8435-B125FE29EFA8}.Release|Any CPU.ActiveCfg = Release|Any CPU
		{7EEFC4D2-5C83-4E7E-8435-B125FE29EFA8}.Release|Any CPU.Build.0 = Release|Any CPU
		{C6CBD786-D79A-4CE6-867B-55C8A2F0B733}.Debug|Any CPU.ActiveCfg = Debug|Any CPU
		{C6CBD786-D79A-4CE6-867B-55C8A2F0B733}.Debug|Any CPU.Build.0 = Debug|Any CPU
		{C6CBD786-D79A-4CE6-867B-55C8A2F0B733}.Release|Any CPU.ActiveCfg = Release|Any CPU
		{C6CBD786-D79A-4CE6-867B-55C8A2F0B733}.Release|Any CPU.Build.0 = Release|Any CPU
		{3B872846-86AE-4505-A710-DA7F8D269329}.Debug|Any CPU.ActiveCfg = Debug|Any CPU
		{3B872846-86AE-4505-A710-DA7F8D269329}.Debug|Any CPU.Build.0 = Debug|Any CPU
		{3B872846-86AE-4505-A710-DA7F8D269329}.Release|Any CPU.ActiveCfg = Release|Any CPU
		{3B872846-86AE-4505-A710-DA7F8D269329}.Release|Any CPU.Build.0 = Release|Any CPU
		{5873E00E-532F-42BA-B367-7EB6C9A2B32F}.Debug|Any CPU.ActiveCfg = Debug|Any CPU
		{5873E00E-532F-42BA-B367-7EB6C9A2B32F}.Debug|Any CPU.Build.0 = Debug|Any CPU
		{5873E00E-532F-42BA-B367-7EB6C9A2B32F}.Release|Any CPU.ActiveCfg = Release|Any CPU
		{5873E00E-532F-42BA-B367-7EB6C9A2B32F}.Release|Any CPU.Build.0 = Release|Any CPU
		{3D85A354-7117-4252-8401-DD25B3F06F03}.Debug|Any CPU.ActiveCfg = Debug|Any CPU
		{3D85A354-7117-4252-8401-DD25B3F06F03}.Debug|Any CPU.Build.0 = Debug|Any CPU
		{3D85A354-7117-4252-8401-DD25B3F06F03}.Release|Any CPU.ActiveCfg = Release|Any CPU
		{3D85A354-7117-4252-8401-DD25B3F06F03}.Release|Any CPU.Build.0 = Release|Any CPU
		{45076E7E-7CCD-493B-ADC3-8A5B069CB716}.Debug|Any CPU.ActiveCfg = Debug|Any CPU
		{45076E7E-7CCD-493B-ADC3-8A5B069CB716}.Debug|Any CPU.Build.0 = Debug|Any CPU
		{45076E7E-7CCD-493B-ADC3-8A5B069CB716}.Release|Any CPU.ActiveCfg = Release|Any CPU
		{45076E7E-7CCD-493B-ADC3-8A5B069CB716}.Release|Any CPU.Build.0 = Release|Any CPU
		{EAAE7548-CDF7-4DE6-8102-DDB19EB8D698}.Debug|Any CPU.ActiveCfg = Debug|Any CPU
		{EAAE7548-CDF7-4DE6-8102-DDB19EB8D698}.Debug|Any CPU.Build.0 = Debug|Any CPU
		{EAAE7548-CDF7-4DE6-8102-DDB19EB8D698}.Release|Any CPU.ActiveCfg = Release|Any CPU
		{EAAE7548-CDF7-4DE6-8102-DDB19EB8D698}.Release|Any CPU.Build.0 = Release|Any CPU
		{EE0A9F78-F6C1-4EBD-8664-642F7044F50C}.Debug|Any CPU.ActiveCfg = Debug|Any CPU
		{EE0A9F78-F6C1-4EBD-8664-642F7044F50C}.Debug|Any CPU.Build.0 = Debug|Any CPU
		{EE0A9F78-F6C1-4EBD-8664-642F7044F50C}.Release|Any CPU.ActiveCfg = Release|Any CPU
		{EE0A9F78-F6C1-4EBD-8664-642F7044F50C}.Release|Any CPU.Build.0 = Release|Any CPU
		{609CC7F0-91D2-4B85-9A65-6AC3493C55CC}.Debug|Any CPU.ActiveCfg = Debug|Any CPU
		{609CC7F0-91D2-4B85-9A65-6AC3493C55CC}.Debug|Any CPU.Build.0 = Debug|Any CPU
		{609CC7F0-91D2-4B85-9A65-6AC3493C55CC}.Release|Any CPU.ActiveCfg = Release|Any CPU
		{609CC7F0-91D2-4B85-9A65-6AC3493C55CC}.Release|Any CPU.Build.0 = Release|Any CPU
		{E6C60437-F55B-4FFC-A001-B85DFFEE9646}.Debug|Any CPU.ActiveCfg = Debug|Any CPU
		{E6C60437-F55B-4FFC-A001-B85DFFEE9646}.Debug|Any CPU.Build.0 = Debug|Any CPU
		{E6C60437-F55B-4FFC-A001-B85DFFEE9646}.Release|Any CPU.ActiveCfg = Release|Any CPU
		{E6C60437-F55B-4FFC-A001-B85DFFEE9646}.Release|Any CPU.Build.0 = Release|Any CPU
		{D2828C0D-7346-40C9-A597-7ADF4C56DFF4}.Debug|Any CPU.ActiveCfg = Debug|Any CPU
		{D2828C0D-7346-40C9-A597-7ADF4C56DFF4}.Debug|Any CPU.Build.0 = Debug|Any CPU
		{D2828C0D-7346-40C9-A597-7ADF4C56DFF4}.Release|Any CPU.ActiveCfg = Release|Any CPU
		{D2828C0D-7346-40C9-A597-7ADF4C56DFF4}.Release|Any CPU.Build.0 = Release|Any CPU
	EndGlobalSection
	GlobalSection(SolutionProperties) = preSolution
		HideSolutionNode = FALSE
	EndGlobalSection
	GlobalSection(NestedProjects) = preSolution
		{4973A7CB-9646-43D6-9E1C-5B480DA8667B} = {AC996826-9377-4A66-AB37-3AC7B7A49344}
		{7FA7B58C-0ABC-41BC-BBF8-AC58CE940B2A} = {AC996826-9377-4A66-AB37-3AC7B7A49344}
		{7B51AACD-816E-432A-B3D3-8011D4BA698E} = {505E1930-1266-4EFC-8E9A-E08B2054C612}
		{3D632A65-A1FD-44DD-AFF7-1F9568E55D10} = {505E1930-1266-4EFC-8E9A-E08B2054C612}
		{0DD60DDE-27CE-4C09-AAB3-FB4E6F7A0B2E} = {234D0939-22C1-4B9E-A548-6E459DA4DDED}
		{CD51C98C-D998-43D4-8582-83601A8883B1} = {234D0939-22C1-4B9E-A548-6E459DA4DDED}
		{B555C970-630E-46F0-9435-C9E9E8A660D0} = {02D16A20-C528-470E-9ACC-23384FD42695}
		{AAC661EA-9E22-49EA-B09D-5DDA893D9353} = {02D16A20-C528-470E-9ACC-23384FD42695}
		{A54C9D37-9080-41C7-A608-3FBA9BCD226E} = {02D16A20-C528-470E-9ACC-23384FD42695}
		{F5B47570-9668-45F2-96BA-4258F43EA2DF} = {234D0939-22C1-4B9E-A548-6E459DA4DDED}
		{4C8FAFB3-EBCF-442C-B122-E8848B851DD9} = {02D16A20-C528-470E-9ACC-23384FD42695}
		{52ECE010-761A-4A2A-880D-F20F50A87DFD} = {80BD3F73-BC3E-4613-A555-FA81592BB1EF}
		{1401E882-3A6B-4411-A249-13124608E336} = {02D16A20-C528-470E-9ACC-23384FD42695}
		{6987E25B-C394-44E6-9A20-CAFDD9B0C3B6} = {80BD3F73-BC3E-4613-A555-FA81592BB1EF}
		{79E5A96E-6114-4062-995B-55F309789344} = {02D16A20-C528-470E-9ACC-23384FD42695}
		{8A2EC14F-2000-4215-9730-3F7141226953} = {80BD3F73-BC3E-4613-A555-FA81592BB1EF}
		{6343C695-D8C3-4709-A163-E10D134C7448} = {80BD3F73-BC3E-4613-A555-FA81592BB1EF}
		{7EEFC4D2-5C83-4E7E-8435-B125FE29EFA8} = {80BD3F73-BC3E-4613-A555-FA81592BB1EF}
		{17EDE14D-2546-415F-AC23-E4DB00E9EA8D} = {86964FDD-F2AE-47B3-A685-534484F094EF}
		{C6CBD786-D79A-4CE6-867B-55C8A2F0B733} = {234D0939-22C1-4B9E-A548-6E459DA4DDED}
		{3B872846-86AE-4505-A710-DA7F8D269329} = {02D16A20-C528-470E-9ACC-23384FD42695}
		{5873E00E-532F-42BA-B367-7EB6C9A2B32F} = {17EDE14D-2546-415F-AC23-E4DB00E9EA8D}
		{3D85A354-7117-4252-8401-DD25B3F06F03} = {17EDE14D-2546-415F-AC23-E4DB00E9EA8D}
		{45076E7E-7CCD-493B-ADC3-8A5B069CB716} = {17EDE14D-2546-415F-AC23-E4DB00E9EA8D}
		{EAAE7548-CDF7-4DE6-8102-DDB19EB8D698} = {17EDE14D-2546-415F-AC23-E4DB00E9EA8D}
		{EE0A9F78-F6C1-4EBD-8664-642F7044F50C} = {02D16A20-C528-470E-9ACC-23384FD42695}
		{609CC7F0-91D2-4B85-9A65-6AC3493C55CC} = {02D16A20-C528-470E-9ACC-23384FD42695}
		{E6C60437-F55B-4FFC-A001-B85DFFEE9646} = {8D431270-D378-447D-9561-16F6EFFEAB8E}
		{D2828C0D-7346-40C9-A597-7ADF4C56DFF4} = {80BD3F73-BC3E-4613-A555-FA81592BB1EF}
	EndGlobalSection
EndGlobal
